// !$*UTF8*$!
{
	archiveVersion = 1;
	classes = {
	};
	objectVersion = 50;
	objects = {

/* Begin PBXBuildFile section */
		85E8BA5A235937A700FD115F /* AppDelegate.swift in Sources */ = {isa = PBXBuildFile; fileRef = 85E8BA59235937A700FD115F /* AppDelegate.swift */; };
		85E8BA5C235937A700FD115F /* SceneDelegate.swift in Sources */ = {isa = PBXBuildFile; fileRef = 85E8BA5B235937A700FD115F /* SceneDelegate.swift */; };
		85E8BA5E235937A700FD115F /* ViewController.swift in Sources */ = {isa = PBXBuildFile; fileRef = 85E8BA5D235937A700FD115F /* ViewController.swift */; };
		85E8BA61235937A700FD115F /* Main.storyboard in Resources */ = {isa = PBXBuildFile; fileRef = 85E8BA5F235937A700FD115F /* Main.storyboard */; };
		85E8BA64235937A700FD115F /* Saideira.xcdatamodeld in Sources */ = {isa = PBXBuildFile; fileRef = 85E8BA62235937A700FD115F /* Saideira.xcdatamodeld */; };
		85E8BA66235937A900FD115F /* Assets.xcassets in Resources */ = {isa = PBXBuildFile; fileRef = 85E8BA65235937A900FD115F /* Assets.xcassets */; };
		85E8BA69235937A900FD115F /* LaunchScreen.storyboard in Resources */ = {isa = PBXBuildFile; fileRef = 85E8BA67235937A900FD115F /* LaunchScreen.storyboard */; };
/* End PBXBuildFile section */

/* Begin PBXFileReference section */
		85E8BA56235937A700FD115F /* Saideira.app */ = {isa = PBXFileReference; explicitFileType = wrapper.application; includeInIndex = 0; path = Saideira.app; sourceTree = BUILT_PRODUCTS_DIR; };
		85E8BA59235937A700FD115F /* AppDelegate.swift */ = {isa = PBXFileReference; lastKnownFileType = sourcecode.swift; path = AppDelegate.swift; sourceTree = "<group>"; };
		85E8BA5B235937A700FD115F /* SceneDelegate.swift */ = {isa = PBXFileReference; lastKnownFileType = sourcecode.swift; path = SceneDelegate.swift; sourceTree = "<group>"; };
		85E8BA5D235937A700FD115F /* ViewController.swift */ = {isa = PBXFileReference; lastKnownFileType = sourcecode.swift; path = ViewController.swift; sourceTree = "<group>"; };
		85E8BA60235937A700FD115F /* Base */ = {isa = PBXFileReference; lastKnownFileType = file.storyboard; name = Base; path = Base.lproj/Main.storyboard; sourceTree = "<group>"; };
		85E8BA63235937A700FD115F /* Saideira.xcdatamodel */ = {isa = PBXFileReference; lastKnownFileType = wrapper.xcdatamodel; path = Saideira.xcdatamodel; sourceTree = "<group>"; };
		85E8BA65235937A900FD115F /* Assets.xcassets */ = {isa = PBXFileReference; lastKnownFileType = folder.assetcatalog; path = Assets.xcassets; sourceTree = "<group>"; };
		85E8BA68235937A900FD115F /* Base */ = {isa = PBXFileReference; lastKnownFileType = file.storyboard; name = Base; path = Base.lproj/LaunchScreen.storyboard; sourceTree = "<group>"; };
		85E8BA6A235937A900FD115F /* Info.plist */ = {isa = PBXFileReference; lastKnownFileType = text.plist.xml; path = Info.plist; sourceTree = "<group>"; };
/* End PBXFileReference section */

/* Begin PBXFrameworksBuildPhase section */
		85E8BA53235937A700FD115F /* Frameworks */ = {
			isa = PBXFrameworksBuildPhase;
			buildActionMask = 2147483647;
			files = (
			);
			runOnlyForDeploymentPostprocessing = 0;
		};
/* End PBXFrameworksBuildPhase section */

/* Begin PBXGroup section */
		85E8BA4D235937A700FD115F = {
			isa = PBXGroup;
			children = (
				85E8BA58235937A700FD115F /* Saideira */,
				85E8BA57235937A700FD115F /* Products */,
			);
			sourceTree = "<group>";
		};
		85E8BA57235937A700FD115F /* Products */ = {
			isa = PBXGroup;
			children = (
				85E8BA56235937A700FD115F /* Saideira.app */,
			);
			name = Products;
			sourceTree = "<group>";
		};
		85E8BA58235937A700FD115F /* Saideira */ = {
			isa = PBXGroup;
			children = (
				85E8BA59235937A700FD115F /* AppDelegate.swift */,
				85E8BA5B235937A700FD115F /* SceneDelegate.swift */,
				85E8BA5D235937A700FD115F /* ViewController.swift */,
				85E8BA5F235937A700FD115F /* Main.storyboard */,
				85E8BA65235937A900FD115F /* Assets.xcassets */,
				85E8BA67235937A900FD115F /* LaunchScreen.storyboard */,
				85E8BA6A235937A900FD115F /* Info.plist */,
				85E8BA62235937A700FD115F /* Saideira.xcdatamodeld */,
			);
			path = Saideira;
			sourceTree = "<group>";
		};
/* End PBXGroup section */

/* Begin PBXNativeTarget section */
		85E8BA55235937A700FD115F /* Saideira */ = {
			isa = PBXNativeTarget;
			buildConfigurationList = 85E8BA6D235937A900FD115F /* Build configuration list for PBXNativeTarget "Saideira" */;
			buildPhases = (
				85E8BA52235937A700FD115F /* Sources */,
				85E8BA53235937A700FD115F /* Frameworks */,
				85E8BA54235937A700FD115F /* Resources */,
			);
			buildRules = (
			);
			dependencies = (
			);
			name = Saideira;
			productName = Saideira;
			productReference = 85E8BA56235937A700FD115F /* Saideira.app */;
			productType = "com.apple.product-type.application";
		};
/* End PBXNativeTarget section */

/* Begin PBXProject section */
		85E8BA4E235937A700FD115F /* Project object */ = {
			isa = PBXProject;
			attributes = {
				LastSwiftUpdateCheck = 1100;
				LastUpgradeCheck = 1100;
				ORGANIZATIONNAME = "Diego Lima";
				TargetAttributes = {
					85E8BA55235937A700FD115F = {
						CreatedOnToolsVersion = 11.0;
					};
				};
			};
			buildConfigurationList = 85E8BA51235937A700FD115F /* Build configuration list for PBXProject "Saideira" */;
			compatibilityVersion = "Xcode 9.3";
			developmentRegion = en;
			hasScannedForEncodings = 0;
			knownRegions = (
				en,
				Base,
			);
			mainGroup = 85E8BA4D235937A700FD115F;
			productRefGroup = 85E8BA57235937A700FD115F /* Products */;
			projectDirPath = "";
			projectRoot = "";
			targets = (
				85E8BA55235937A700FD115F /* Saideira */,
			);
		};
/* End PBXProject section */

/* Begin PBXResourcesBuildPhase section */
		85E8BA54235937A700FD115F /* Resources */ = {
			isa = PBXResourcesBuildPhase;
			buildActionMask = 2147483647;
			files = (
				85E8BA69235937A900FD115F /* LaunchScreen.storyboard in Resources */,
				85E8BA66235937A900FD115F /* Assets.xcassets in Resources */,
				85E8BA61235937A700FD115F /* Main.storyboard in Resources */,
			);
			runOnlyForDeploymentPostprocessing = 0;
		};
/* End PBXResourcesBuildPhase section */

/* Begin PBXSourcesBuildPhase section */
		85E8BA52235937A700FD115F /* Sources */ = {
			isa = PBXSourcesBuildPhase;
			buildActionMask = 2147483647;
			files = (
				85E8BA5E235937A700FD115F /* ViewController.swift in Sources */,
				85E8BA5A235937A700FD115F /* AppDelegate.swift in Sources */,
				85E8BA5C235937A700FD115F /* SceneDelegate.swift in Sources */,
				85E8BA64235937A700FD115F /* Saideira.xcdatamodeld in Sources */,
			);
			runOnlyForDeploymentPostprocessing = 0;
		};
/* End PBXSourcesBuildPhase section */

/* Begin PBXVariantGroup section */
		85E8BA5F235937A700FD115F /* Main.storyboard */ = {
			isa = PBXVariantGroup;
			children = (
				85E8BA60235937A700FD115F /* Base */,
			);
			name = Main.storyboard;
			sourceTree = "<group>";
		};
		85E8BA67235937A900FD115F /* LaunchScreen.storyboard */ = {
			isa = PBXVariantGroup;
			children = (
				85E8BA68235937A900FD115F /* Base */,
			);
			name = LaunchScreen.storyboard;
			sourceTree = "<group>";
		};
/* End PBXVariantGroup section */

/* Begin XCBuildConfiguration section */
		85E8BA6B235937A900FD115F /* Debug */ = {
			isa = XCBuildConfiguration;
			buildSettings = {
				ALWAYS_SEARCH_USER_PATHS = NO;
				CLANG_ANALYZER_NONNULL = YES;
				CLANG_ANALYZER_NUMBER_OBJECT_CONVERSION = YES_AGGRESSIVE;
				CLANG_CXX_LANGUAGE_STANDARD = "gnu++14";
				CLANG_CXX_LIBRARY = "libc++";
				CLANG_ENABLE_MODULES = YES;
				CLANG_ENABLE_OBJC_ARC = YES;
				CLANG_ENABLE_OBJC_WEAK = YES;
				CLANG_WARN_BLOCK_CAPTURE_AUTORELEASING = YES;
				CLANG_WARN_BOOL_CONVERSION = YES;
				CLANG_WARN_COMMA = YES;
				CLANG_WARN_CONSTANT_CONVERSION = YES;
				CLANG_WARN_DEPRECATED_OBJC_IMPLEMENTATIONS = YES;
				CLANG_WARN_DIRECT_OBJC_ISA_USAGE = YES_ERROR;
				CLANG_WARN_DOCUMENTATION_COMMENTS = YES;
				CLANG_WARN_EMPTY_BODY = YES;
				CLANG_WARN_ENUM_CONVERSION = YES;
				CLANG_WARN_INFINITE_RECURSION = YES;
				CLANG_WARN_INT_CONVERSION = YES;
				CLANG_WARN_NON_LITERAL_NULL_CONVERSION = YES;
				CLANG_WARN_OBJC_IMPLICIT_RETAIN_SELF = YES;
				CLANG_WARN_OBJC_LITERAL_CONVERSION = YES;
				CLANG_WARN_OBJC_ROOT_CLASS = YES_ERROR;
				CLANG_WARN_RANGE_LOOP_ANALYSIS = YES;
				CLANG_WARN_STRICT_PROTOTYPES = YES;
				CLANG_WARN_SUSPICIOUS_MOVE = YES;
				CLANG_WARN_UNGUARDED_AVAILABILITY = YES_AGGRESSIVE;
				CLANG_WARN_UNREACHABLE_CODE = YES;
				CLANG_WARN__DUPLICATE_METHOD_MATCH = YES;
				COPY_PHASE_STRIP = NO;
				DEBUG_INFORMATION_FORMAT = dwarf;
				ENABLE_STRICT_OBJC_MSGSEND = YES;
				ENABLE_TESTABILITY = YES;
				GCC_C_LANGUAGE_STANDARD = gnu11;
				GCC_DYNAMIC_NO_PIC = NO;
				GCC_NO_COMMON_BLOCKS = YES;
				GCC_OPTIMIZATION_LEVEL = 0;
				GCC_PREPROCESSOR_DEFINITIONS = (
					"DEBUG=1",
					"$(inherited)",
				);
				GCC_WARN_64_TO_32_BIT_CONVERSION = YES;
				GCC_WARN_ABOUT_RETURN_TYPE = YES_ERROR;
				GCC_WARN_UNDECLARED_SELECTOR = YES;
				GCC_WARN_UNINITIALIZED_AUTOS = YES_AGGRESSIVE;
				GCC_WARN_UNUSED_FUNCTION = YES;
				GCC_WARN_UNUSED_VARIABLE = YES;
				IPHONEOS_DEPLOYMENT_TARGET = 13.0;
				MTL_ENABLE_DEBUG_INFO = INCLUDE_SOURCE;
				MTL_FAST_MATH = YES;
				ONLY_ACTIVE_ARCH = YES;
				SDKROOT = iphoneos;
				SWIFT_ACTIVE_COMPILATION_CONDITIONS = DEBUG;
				SWIFT_OPTIMIZATION_LEVEL = "-Onone";
			};
			name = Debug;
		};
		85E8BA6C235937A900FD115F /* Release */ = {
			isa = XCBuildConfiguration;
			buildSettings = {
				ALWAYS_SEARCH_USER_PATHS = NO;
				CLANG_ANALYZER_NONNULL = YES;
				CLANG_ANALYZER_NUMBER_OBJECT_CONVERSION = YES_AGGRESSIVE;
				CLANG_CXX_LANGUAGE_STANDARD = "gnu++14";
				CLANG_CXX_LIBRARY = "libc++";
				CLANG_ENABLE_MODULES = YES;
				CLANG_ENABLE_OBJC_ARC = YES;
				CLANG_ENABLE_OBJC_WEAK = YES;
				CLANG_WARN_BLOCK_CAPTURE_AUTORELEASING = YES;
				CLANG_WARN_BOOL_CONVERSION = YES;
				CLANG_WARN_COMMA = YES;
				CLANG_WARN_CONSTANT_CONVERSION = YES;
				CLANG_WARN_DEPRECATED_OBJC_IMPLEMENTATIONS = YES;
				CLANG_WARN_DIRECT_OBJC_ISA_USAGE = YES_ERROR;
				CLANG_WARN_DOCUMENTATION_COMMENTS = YES;
				CLANG_WARN_EMPTY_BODY = YES;
				CLANG_WARN_ENUM_CONVERSION = YES;
				CLANG_WARN_INFINITE_RECURSION = YES;
				CLANG_WARN_INT_CONVERSION = YES;
				CLANG_WARN_NON_LITERAL_NULL_CONVERSION = YES;
				CLANG_WARN_OBJC_IMPLICIT_RETAIN_SELF = YES;
				CLANG_WARN_OBJC_LITERAL_CONVERSION = YES;
				CLANG_WARN_OBJC_ROOT_CLASS = YES_ERROR;
				CLANG_WARN_RANGE_LOOP_ANALYSIS = YES;
				CLANG_WARN_STRICT_PROTOTYPES = YES;
				CLANG_WARN_SUSPICIOUS_MOVE = YES;
				CLANG_WARN_UNGUARDED_AVAILABILITY = YES_AGGRESSIVE;
				CLANG_WARN_UNREACHABLE_CODE = YES;
				CLANG_WARN__DUPLICATE_METHOD_MATCH = YES;
				COPY_PHASE_STRIP = NO;
				DEBUG_INFORMATION_FORMAT = "dwarf-with-dsym";
				ENABLE_NS_ASSERTIONS = NO;
				ENABLE_STRICT_OBJC_MSGSEND = YES;
				GCC_C_LANGUAGE_STANDARD = gnu11;
				GCC_NO_COMMON_BLOCKS = YES;
				GCC_WARN_64_TO_32_BIT_CONVERSION = YES;
				GCC_WARN_ABOUT_RETURN_TYPE = YES_ERROR;
				GCC_WARN_UNDECLARED_SELECTOR = YES;
				GCC_WARN_UNINITIALIZED_AUTOS = YES_AGGRESSIVE;
				GCC_WARN_UNUSED_FUNCTION = YES;
				GCC_WARN_UNUSED_VARIABLE = YES;
				IPHONEOS_DEPLOYMENT_TARGET = 13.0;
				MTL_ENABLE_DEBUG_INFO = NO;
				MTL_FAST_MATH = YES;
				SDKROOT = iphoneos;
				SWIFT_COMPILATION_MODE = wholemodule;
				SWIFT_OPTIMIZATION_LEVEL = "-O";
				VALIDATE_PRODUCT = YES;
			};
			name = Release;
		};
		85E8BA6E235937A900FD115F /* Debug */ = {
			isa = XCBuildConfiguration;
			buildSettings = {
				ASSETCATALOG_COMPILER_APPICON_NAME = AppIcon;
				CODE_SIGN_STYLE = Automatic;
				DEVELOPMENT_TEAM = 78667R72UN;
				INFOPLIST_FILE = Saideira/Info.plist;
				LD_RUNPATH_SEARCH_PATHS = (
					"$(inherited)",
					"@executable_path/Frameworks",
				);
				PRODUCT_BUNDLE_IDENTIFIER = br.com.diegolima.Saideira;
				PRODUCT_NAME = "$(TARGET_NAME)";
				SWIFT_VERSION = 5.0;
				TARGETED_DEVICE_FAMILY = "1,2";
			};
			name = Debug;
		};
		85E8BA6F235937A900FD115F /* Release */ = {
			isa = XCBuildConfiguration;
			buildSettings = {
				ASSETCATALOG_COMPILER_APPICON_NAME = AppIcon;
				CODE_SIGN_STYLE = Automatic;
				DEVELOPMENT_TEAM = 78667R72UN;
				INFOPLIST_FILE = Saideira/Info.plist;
				LD_RUNPATH_SEARCH_PATHS = (
					"$(inherited)",
					"@executable_path/Frameworks",
				);
				PRODUCT_BUNDLE_IDENTIFIER = br.com.diegolima.Saideira;
				PRODUCT_NAME = "$(TARGET_NAME)";
				SWIFT_VERSION = 5.0;
				TARGETED_DEVICE_FAMILY = "1,2";
			};
			name = Release;
		};
/* End XCBuildConfiguration section */

/* Begin XCConfigurationList section */
		85E8BA51235937A700FD115F /* Build configuration list for PBXProject "Saideira" */ = {
			isa = XCConfigurationList;
			buildConfigurations = (
				85E8BA6B235937A900FD115F /* Debug */,
				85E8BA6C235937A900FD115F /* Release */,
			);
			defaultConfigurationIsVisible = 0;
			defaultConfigurationName = Release;
		};
		85E8BA6D235937A900FD115F /* Build configuration list for PBXNativeTarget "Saideira" */ = {
			isa = XCConfigurationList;
			buildConfigurations = (
				85E8BA6E235937A900FD115F /* Debug */,
				85E8BA6F235937A900FD115F /* Release */,
			);
			defaultConfigurationIsVisible = 0;
			defaultConfigurationName = Release;
		};
/* End XCConfigurationList section */

/* Begin XCVersionGroup section */
		85E8BA62235937A700FD115F /* Saideira.xcdatamodeld */ = {
			isa = XCVersionGroup;
			children = (
				85E8BA63235937A700FD115F /* Saideira.xcdatamodel */,
			);
			currentVersion = 85E8BA63235937A700FD115F /* Saideira.xcdatamodel */;
			path = Saideira.xcdatamodeld;
			sourceTree = "<group>";
			versionGroupType = wrapper.xcdatamodel;
		};
/* End XCVersionGroup section */
	};
	rootObject = 85E8BA4E235937A700FD115F /* Project object */;
}
